
Microsoft Visual Studio Solution File, Format Version 12.00
# Visual Studio Version 17
VisualStudioVersion = 17.10.35027.167
MinimumVisualStudioVersion = 10.0.40219.1
Project("{54A90642-561A-4BB1-A94E-469ADEE60C69}") = "garageapp", "GarageApp\garageapp.esproj", "{CEEF11A6-2182-49C3-A000-8B9C9AF5E228}"
EndProject
Global
	GlobalSection(SolutionConfigurationPlatforms) = preSolution
		Debug|Any CPU = Debug|Any CPU
		Release|Any CPU = Release|Any CPU
	EndGlobalSection
	GlobalSection(ProjectConfigurationPlatforms) = postSolution
		{CEEF11A6-2182-49C3-A000-8B9C9AF5E228}.Debug|Any CPU.ActiveCfg = Debug|Any CPU
		{CEEF11A6-2182-49C3-A000-8B9C9AF5E228}.Debug|Any CPU.Build.0 = Debug|Any CPU
		{CEEF11A6-2182-49C3-A000-8B9C9AF5E228}.Debug|Any CPU.Deploy.0 = Debug|Any CPU
		{CEEF11A6-2182-49C3-A000-8B9C9AF5E228}.Release|Any CPU.ActiveCfg = Release|Any CPU
		{CEEF11A6-2182-49C3-A000-8B9C9AF5E228}.Release|Any CPU.Build.0 = Release|Any CPU
		{CEEF11A6-2182-49C3-A000-8B9C9AF5E228}.Release|Any CPU.Deploy.0 = Release|Any CPU
	EndGlobalSection
	GlobalSection(SolutionProperties) = preSolution
		HideSolutionNode = FALSE
	EndGlobalSection
	GlobalSection(ExtensibilityGlobals) = postSolution
		SolutionGuid = {67911F69-053D-4648-81F8-C310287FB8A1}
	EndGlobalSection
EndGlobal
